
Microsoft Visual Studio Solution File, Format Version 12.00
Project("{2150E333-8FDC-42A3-9474-1A3956D46DE8}") = "src", "src", "{10E55D1E-543C-4C25-BEA3-CE9756739495}"
EndProject
Project("{FAE04EC0-301F-11D3-BF4B-00C04F79EFBC}") = "Domain", "src\Domain\Domain.csproj", "{623DDB95-37A3-40E5-8130-627E35EC9ACD}"
EndProject
Project("{2150E333-8FDC-42A3-9474-1A3956D46DE8}") = "contracts", "src\contracts", "{D578D80C-9769-41FA-8C36-C5BA267A2BEA}"
EndProject
Project("{FAE04EC0-301F-11D3-BF4B-00C04F79EFBC}") = "Persistence.Contracts", "src\contracts\Persistence.Contracts\Persistence.Contracts.csproj", "{C5B829FD-3BA8-43D6-A8AB-E86AC9E5DAAD}"
EndProject
Project("{2150E333-8FDC-42A3-9474-1A3956D46DE8}") = "infrastructure", "src\infrastructure", "{EFC6C50D-53EB-48EB-84ED-2A83EBBE82E4}"
EndProject
Project("{FAE04EC0-301F-11D3-BF4B-00C04F79EFBC}") = "Persistence", "src\infrastructure\Persistence\Persistence.csproj", "{77AB8325-2A9C-475F-B956-62B4343BFEBE}"
EndProject
Project("{FAE04EC0-301F-11D3-BF4B-00C04F79EFBC}") = "Application.Contracts", "src\contracts\Application.Contracts\Application.Contracts.csproj", "{3407BDD8-E760-4AD8-BE25-EF52E71BB7CD}"
EndProject
Project("{FAE04EC0-301F-11D3-BF4B-00C04F79EFBC}") = "Application", "src\Application\Application.csproj", "{F2DDAB75-AACE-46C2-9B73-E44456057CE5}"
EndProject
Project("{FAE04EC0-301F-11D3-BF4B-00C04F79EFBC}") = "Web", "src\Web\Web.csproj", "{46CC2401-11CA-4EF5-9A83-8B19B239E5C6}"
EndProject
Project("{2150E333-8FDC-42A3-9474-1A3956D46DE8}") = "Solution Items", "Solution Items", "{86262EFC-52F4-4652-9676-A5C5EB52DA4E}"
	ProjectSection(SolutionItems) = preProject
		.gitignore = .gitignore
		Directory.Build.props = Directory.Build.props
		Directory.Packages.props = Directory.Packages.props
		global.json = global.json
	EndProjectSection
EndProject
Global
	GlobalSection(SolutionConfigurationPlatforms) = preSolution
		Debug|Any CPU = Debug|Any CPU
		Release|Any CPU = Release|Any CPU
	EndGlobalSection
	GlobalSection(NestedProjects) = preSolution
		{D578D80C-9769-41FA-8C36-C5BA267A2BEA} = {10E55D1E-543C-4C25-BEA3-CE9756739495}
		{EFC6C50D-53EB-48EB-84ED-2A83EBBE82E4} = {10E55D1E-543C-4C25-BEA3-CE9756739495}
		{623DDB95-37A3-40E5-8130-627E35EC9ACD} = {10E55D1E-543C-4C25-BEA3-CE9756739495}
		{F2DDAB75-AACE-46C2-9B73-E44456057CE5} = {10E55D1E-543C-4C25-BEA3-CE9756739495}
		{46CC2401-11CA-4EF5-9A83-8B19B239E5C6} = {10E55D1E-543C-4C25-BEA3-CE9756739495}
		{77AB8325-2A9C-475F-B956-62B4343BFEBE} = {EFC6C50D-53EB-48EB-84ED-2A83EBBE82E4}
		{3407BDD8-E760-4AD8-BE25-EF52E71BB7CD} = {D578D80C-9769-41FA-8C36-C5BA267A2BEA}
		{C5B829FD-3BA8-43D6-A8AB-E86AC9E5DAAD} = {D578D80C-9769-41FA-8C36-C5BA267A2BEA}
		{86262EFC-52F4-4652-9676-A5C5EB52DA4E} = {7A7D87C0-5D4E-4BAB-982C-16563FF758B4}
	EndGlobalSection
	GlobalSection(ProjectConfigurationPlatforms) = postSolution
		{623DDB95-37A3-40E5-8130-627E35EC9ACD}.Debug|Any CPU.ActiveCfg = Debug|Any CPU
		{623DDB95-37A3-40E5-8130-627E35EC9ACD}.Debug|Any CPU.Build.0 = Debug|Any CPU
		{623DDB95-37A3-40E5-8130-627E35EC9ACD}.Release|Any CPU.ActiveCfg = Release|Any CPU
		{623DDB95-37A3-40E5-8130-627E35EC9ACD}.Release|Any CPU.Build.0 = Release|Any CPU
		{C5B829FD-3BA8-43D6-A8AB-E86AC9E5DAAD}.Debug|Any CPU.ActiveCfg = Debug|Any CPU
		{C5B829FD-3BA8-43D6-A8AB-E86AC9E5DAAD}.Debug|Any CPU.Build.0 = Debug|Any CPU
		{C5B829FD-3BA8-43D6-A8AB-E86AC9E5DAAD}.Release|Any CPU.ActiveCfg = Release|Any CPU
		{C5B829FD-3BA8-43D6-A8AB-E86AC9E5DAAD}.Release|Any CPU.Build.0 = Release|Any CPU
		{77AB8325-2A9C-475F-B956-62B4343BFEBE}.Debug|Any CPU.ActiveCfg = Debug|Any CPU
		{77AB8325-2A9C-475F-B956-62B4343BFEBE}.Debug|Any CPU.Build.0 = Debug|Any CPU
		{77AB8325-2A9C-475F-B956-62B4343BFEBE}.Release|Any CPU.ActiveCfg = Release|Any CPU
		{77AB8325-2A9C-475F-B956-62B4343BFEBE}.Release|Any CPU.Build.0 = Release|Any CPU
		{3407BDD8-E760-4AD8-BE25-EF52E71BB7CD}.Debug|Any CPU.ActiveCfg = Debug|Any CPU
		{3407BDD8-E760-4AD8-BE25-EF52E71BB7CD}.Debug|Any CPU.Build.0 = Debug|Any CPU
		{3407BDD8-E760-4AD8-BE25-EF52E71BB7CD}.Release|Any CPU.ActiveCfg = Release|Any CPU
		{3407BDD8-E760-4AD8-BE25-EF52E71BB7CD}.Release|Any CPU.Build.0 = Release|Any CPU
		{F2DDAB75-AACE-46C2-9B73-E44456057CE5}.Debug|Any CPU.ActiveCfg = Debug|Any CPU
		{F2DDAB75-AACE-46C2-9B73-E44456057CE5}.Debug|Any CPU.Build.0 = Debug|Any CPU
		{F2DDAB75-AACE-46C2-9B73-E44456057CE5}.Release|Any CPU.ActiveCfg = Release|Any CPU
		{F2DDAB75-AACE-46C2-9B73-E44456057CE5}.Release|Any CPU.Build.0 = Release|Any CPU
		{46CC2401-11CA-4EF5-9A83-8B19B239E5C6}.Debug|Any CPU.ActiveCfg = Debug|Any CPU
		{46CC2401-11CA-4EF5-9A83-8B19B239E5C6}.Debug|Any CPU.Build.0 = Debug|Any CPU
		{46CC2401-11CA-4EF5-9A83-8B19B239E5C6}.Release|Any CPU.ActiveCfg = Release|Any CPU
		{46CC2401-11CA-4EF5-9A83-8B19B239E5C6}.Release|Any CPU.Build.0 = Release|Any CPU
	EndGlobalSection
EndGlobal
